// !$*UTF8*$!
{
	archiveVersion = 1;
	classes = {
	};
	objectVersion = 46;
	objects = {

/* Begin PBXBuildFile section */
		8CA2BD671A09CEDA00219872 /* main.m in Sources */ = {isa = PBXBuildFile; fileRef = 8CA2BD661A09CEDA00219872 /* main.m */; };
		8CA2BD701A09CEDA00219872 /* Main.storyboard in Resources */ = {isa = PBXBuildFile; fileRef = 8CA2BD6E1A09CEDA00219872 /* Main.storyboard */; };
		8CA2BD721A09CEDA00219872 /* Images.xcassets in Resources */ = {isa = PBXBuildFile; fileRef = 8CA2BD711A09CEDA00219872 /* Images.xcassets */; };
		8CA2BD751A09CEDA00219872 /* LaunchScreen.xib in Resources */ = {isa = PBXBuildFile; fileRef = 8CA2BD731A09CEDA00219872 /* LaunchScreen.xib */; };
		8CA2BD811A09CEDA00219872 /* imageZoomTests.m in Sources */ = {isa = PBXBuildFile; fileRef = 8CA2BD801A09CEDA00219872 /* imageZoomTests.m */; };
		8CA2BDC71A0A234700219872 /* AFHTTPRequestOperation.m in Sources */ = {isa = PBXBuildFile; fileRef = 8CA2BDA51A0A234700219872 /* AFHTTPRequestOperation.m */; };
		8CA2BDC81A0A234700219872 /* AFHTTPRequestOperationManager.m in Sources */ = {isa = PBXBuildFile; fileRef = 8CA2BDA71A0A234700219872 /* AFHTTPRequestOperationManager.m */; };
		8CA2BDC91A0A234700219872 /* AFHTTPSessionManager.m in Sources */ = {isa = PBXBuildFile; fileRef = 8CA2BDA91A0A234700219872 /* AFHTTPSessionManager.m */; };
		8CA2BDCA1A0A234700219872 /* AFNetworkReachabilityManager.m in Sources */ = {isa = PBXBuildFile; fileRef = 8CA2BDAC1A0A234700219872 /* AFNetworkReachabilityManager.m */; };
		8CA2BDCB1A0A234700219872 /* AFSecurityPolicy.m in Sources */ = {isa = PBXBuildFile; fileRef = 8CA2BDAE1A0A234700219872 /* AFSecurityPolicy.m */; };
		8CA2BDCC1A0A234700219872 /* AFURLConnectionOperation.m in Sources */ = {isa = PBXBuildFile; fileRef = 8CA2BDB01A0A234700219872 /* AFURLConnectionOperation.m */; };
		8CA2BDCD1A0A234700219872 /* AFURLRequestSerialization.m in Sources */ = {isa = PBXBuildFile; fileRef = 8CA2BDB21A0A234700219872 /* AFURLRequestSerialization.m */; };
		8CA2BDCE1A0A234700219872 /* AFURLResponseSerialization.m in Sources */ = {isa = PBXBuildFile; fileRef = 8CA2BDB41A0A234700219872 /* AFURLResponseSerialization.m */; };
		8CA2BDCF1A0A234700219872 /* AFURLSessionManager.m in Sources */ = {isa = PBXBuildFile; fileRef = 8CA2BDB61A0A234700219872 /* AFURLSessionManager.m */; };
		8CA2BDD01A0A234700219872 /* AFNetworkActivityIndicatorManager.m in Sources */ = {isa = PBXBuildFile; fileRef = 8CA2BDB91A0A234700219872 /* AFNetworkActivityIndicatorManager.m */; };
		8CA2BDD11A0A234700219872 /* UIActivityIndicatorView+AFNetworking.m in Sources */ = {isa = PBXBuildFile; fileRef = 8CA2BDBB1A0A234700219872 /* UIActivityIndicatorView+AFNetworking.m */; };
		8CA2BDD21A0A234700219872 /* UIAlertView+AFNetworking.m in Sources */ = {isa = PBXBuildFile; fileRef = 8CA2BDBD1A0A234700219872 /* UIAlertView+AFNetworking.m */; };
		8CA2BDD31A0A234700219872 /* UIButton+AFNetworking.m in Sources */ = {isa = PBXBuildFile; fileRef = 8CA2BDBF1A0A234700219872 /* UIButton+AFNetworking.m */; };
		8CA2BDD41A0A234700219872 /* UIImageView+AFNetworking.m in Sources */ = {isa = PBXBuildFile; fileRef = 8CA2BDC11A0A234700219872 /* UIImageView+AFNetworking.m */; };
		8CA2BDD51A0A234700219872 /* UIProgressView+AFNetworking.m in Sources */ = {isa = PBXBuildFile; fileRef = 8CA2BDC41A0A234700219872 /* UIProgressView+AFNetworking.m */; };
		8CA2BDD61A0A234700219872 /* UIWebView+AFNetworking.m in Sources */ = {isa = PBXBuildFile; fileRef = 8CA2BDC61A0A234700219872 /* UIWebView+AFNetworking.m */; };
		8CA2BDD91A0A296500219872 /* MyConnectionOperation.m in Sources */ = {isa = PBXBuildFile; fileRef = 8CA2BDD81A0A296500219872 /* MyConnectionOperation.m */; };
		8CEF7BE81A4405C100F894C3 /* PhotosBroswerController.m in Sources */ = {isa = PBXBuildFile; fileRef = 8CEF7BDF1A4405C100F894C3 /* PhotosBroswerController.m */; };
		8CEF7BE91A4405C100F894C3 /* ZoomViewController.m in Sources */ = {isa = PBXBuildFile; fileRef = 8CEF7BE11A4405C100F894C3 /* ZoomViewController.m */; };
		8CEF7BEA1A4405C100F894C3 /* PhotoItem.m in Sources */ = {isa = PBXBuildFile; fileRef = 8CEF7BE41A4405C100F894C3 /* PhotoItem.m */; };
		8CEF7BEB1A4405C100F894C3 /* BrowserToolbar.m in Sources */ = {isa = PBXBuildFile; fileRef = 8CEF7BE71A4405C100F894C3 /* BrowserToolbar.m */; };
		8CEF7BFC1A4406BD00F894C3 /* AppDelegate.m in Sources */ = {isa = PBXBuildFile; fileRef = 8CEF7BEE1A4406BD00F894C3 /* AppDelegate.m */; };
		8CEF7BFE1A4406BD00F894C3 /* ViewController.m in Sources */ = {isa = PBXBuildFile; fileRef = 8CEF7BF41A4406BD00F894C3 /* ViewController.m */; };
		8CEF7BFF1A4406BD00F894C3 /* 0.png in Resources */ = {isa = PBXBuildFile; fileRef = 8CEF7BF81A4406BD00F894C3 /* 0.png */; };
		8CEF7C001A4406BD00F894C3 /* 1.png in Resources */ = {isa = PBXBuildFile; fileRef = 8CEF7BF91A4406BD00F894C3 /* 1.png */; };
		8CEF7C011A4406BD00F894C3 /* 2.PNG in Resources */ = {isa = PBXBuildFile; fileRef = 8CEF7BFA1A4406BD00F894C3 /* 2.PNG */; };
		8CEF7C021A4406BD00F894C3 /* 3.PNG in Resources */ = {isa = PBXBuildFile; fileRef = 8CEF7BFB1A4406BD00F894C3 /* 3.PNG */; };
		8CEF7C051A44078300F894C3 /* BaseCell.m in Sources */ = {isa = PBXBuildFile; fileRef = 8CEF7C041A44078300F894C3 /* BaseCell.m */; };
/* End PBXBuildFile section */

/* Begin PBXContainerItemProxy section */
		8CA2BD7B1A09CEDA00219872 /* PBXContainerItemProxy */ = {
			isa = PBXContainerItemProxy;
			containerPortal = 8CA2BD591A09CEDA00219872 /* Project object */;
			proxyType = 1;
			remoteGlobalIDString = 8CA2BD601A09CEDA00219872;
			remoteInfo = imageZoom;
		};
/* End PBXContainerItemProxy section */

/* Begin PBXFileReference section */
		8CA2BD611A09CEDA00219872 /* PhotoBrowser.app */ = {isa = PBXFileReference; explicitFileType = wrapper.application; includeInIndex = 0; path = PhotoBrowser.app; sourceTree = BUILT_PRODUCTS_DIR; };
		8CA2BD651A09CEDA00219872 /* Info.plist */ = {isa = PBXFileReference; lastKnownFileType = text.plist.xml; path = Info.plist; sourceTree = "<group>"; };
		8CA2BD661A09CEDA00219872 /* main.m */ = {isa = PBXFileReference; lastKnownFileType = sourcecode.c.objc; path = main.m; sourceTree = "<group>"; };
		8CA2BD6F1A09CEDA00219872 /* Base */ = {isa = PBXFileReference; lastKnownFileType = file.storyboard; name = Base; path = Base.lproj/Main.storyboard; sourceTree = "<group>"; };
		8CA2BD711A09CEDA00219872 /* Images.xcassets */ = {isa = PBXFileReference; lastKnownFileType = folder.assetcatalog; path = Images.xcassets; sourceTree = "<group>"; };
		8CA2BD741A09CEDA00219872 /* Base */ = {isa = PBXFileReference; lastKnownFileType = file.xib; name = Base; path = Base.lproj/LaunchScreen.xib; sourceTree = "<group>"; };
		8CA2BD7A1A09CEDA00219872 /* PhotoBrowserTests.xctest */ = {isa = PBXFileReference; explicitFileType = wrapper.cfbundle; includeInIndex = 0; path = PhotoBrowserTests.xctest; sourceTree = BUILT_PRODUCTS_DIR; };
		8CA2BD7F1A09CEDA00219872 /* Info.plist */ = {isa = PBXFileReference; lastKnownFileType = text.plist.xml; path = Info.plist; sourceTree = "<group>"; };
		8CA2BD801A09CEDA00219872 /* imageZoomTests.m */ = {isa = PBXFileReference; lastKnownFileType = sourcecode.c.objc; path = imageZoomTests.m; sourceTree = "<group>"; };
		8CA2BDA41A0A234700219872 /* AFHTTPRequestOperation.h */ = {isa = PBXFileReference; fileEncoding = 4; lastKnownFileType = sourcecode.c.h; path = AFHTTPRequestOperation.h; sourceTree = "<group>"; };
		8CA2BDA51A0A234700219872 /* AFHTTPRequestOperation.m */ = {isa = PBXFileReference; fileEncoding = 4; lastKnownFileType = sourcecode.c.objc; path = AFHTTPRequestOperation.m; sourceTree = "<group>"; };
		8CA2BDA61A0A234700219872 /* AFHTTPRequestOperationManager.h */ = {isa = PBXFileReference; fileEncoding = 4; lastKnownFileType = sourcecode.c.h; path = AFHTTPRequestOperationManager.h; sourceTree = "<group>"; };
		8CA2BDA71A0A234700219872 /* AFHTTPRequestOperationManager.m */ = {isa = PBXFileReference; fileEncoding = 4; lastKnownFileType = sourcecode.c.objc; path = AFHTTPRequestOperationManager.m; sourceTree = "<group>"; };
		8CA2BDA81A0A234700219872 /* AFHTTPSessionManager.h */ = {isa = PBXFileReference; fileEncoding = 4; lastKnownFileType = sourcecode.c.h; path = AFHTTPSessionManager.h; sourceTree = "<group>"; };
		8CA2BDA91A0A234700219872 /* AFHTTPSessionManager.m */ = {isa = PBXFileReference; fileEncoding = 4; lastKnownFileType = sourcecode.c.objc; path = AFHTTPSessionManager.m; sourceTree = "<group>"; };
		8CA2BDAA1A0A234700219872 /* AFNetworking.h */ = {isa = PBXFileReference; fileEncoding = 4; lastKnownFileType = sourcecode.c.h; path = AFNetworking.h; sourceTree = "<group>"; };
		8CA2BDAB1A0A234700219872 /* AFNetworkReachabilityManager.h */ = {isa = PBXFileReference; fileEncoding = 4; lastKnownFileType = sourcecode.c.h; path = AFNetworkReachabilityManager.h; sourceTree = "<group>"; };
		8CA2BDAC1A0A234700219872 /* AFNetworkReachabilityManager.m */ = {isa = PBXFileReference; fileEncoding = 4; lastKnownFileType = sourcecode.c.objc; path = AFNetworkReachabilityManager.m; sourceTree = "<group>"; };
		8CA2BDAD1A0A234700219872 /* AFSecurityPolicy.h */ = {isa = PBXFileReference; fileEncoding = 4; lastKnownFileType = sourcecode.c.h; path = AFSecurityPolicy.h; sourceTree = "<group>"; };
		8CA2BDAE1A0A234700219872 /* AFSecurityPolicy.m */ = {isa = PBXFileReference; fileEncoding = 4; lastKnownFileType = sourcecode.c.objc; path = AFSecurityPolicy.m; sourceTree = "<group>"; };
		8CA2BDAF1A0A234700219872 /* AFURLConnectionOperation.h */ = {isa = PBXFileReference; fileEncoding = 4; lastKnownFileType = sourcecode.c.h; path = AFURLConnectionOperation.h; sourceTree = "<group>"; };
		8CA2BDB01A0A234700219872 /* AFURLConnectionOperation.m */ = {isa = PBXFileReference; fileEncoding = 4; lastKnownFileType = sourcecode.c.objc; path = AFURLConnectionOperation.m; sourceTree = "<group>"; };
		8CA2BDB11A0A234700219872 /* AFURLRequestSerialization.h */ = {isa = PBXFileReference; fileEncoding = 4; lastKnownFileType = sourcecode.c.h; path = AFURLRequestSerialization.h; sourceTree = "<group>"; };
		8CA2BDB21A0A234700219872 /* AFURLRequestSerialization.m */ = {isa = PBXFileReference; fileEncoding = 4; lastKnownFileType = sourcecode.c.objc; path = AFURLRequestSerialization.m; sourceTree = "<group>"; };
		8CA2BDB31A0A234700219872 /* AFURLResponseSerialization.h */ = {isa = PBXFileReference; fileEncoding = 4; lastKnownFileType = sourcecode.c.h; path = AFURLResponseSerialization.h; sourceTree = "<group>"; };
		8CA2BDB41A0A234700219872 /* AFURLResponseSerialization.m */ = {isa = PBXFileReference; fileEncoding = 4; lastKnownFileType = sourcecode.c.objc; path = AFURLResponseSerialization.m; sourceTree = "<group>"; };
		8CA2BDB51A0A234700219872 /* AFURLSessionManager.h */ = {isa = PBXFileReference; fileEncoding = 4; lastKnownFileType = sourcecode.c.h; path = AFURLSessionManager.h; sourceTree = "<group>"; };
		8CA2BDB61A0A234700219872 /* AFURLSessionManager.m */ = {isa = PBXFileReference; fileEncoding = 4; lastKnownFileType = sourcecode.c.objc; path = AFURLSessionManager.m; sourceTree = "<group>"; };
		8CA2BDB81A0A234700219872 /* AFNetworkActivityIndicatorManager.h */ = {isa = PBXFileReference; fileEncoding = 4; lastKnownFileType = sourcecode.c.h; path = AFNetworkActivityIndicatorManager.h; sourceTree = "<group>"; };
		8CA2BDB91A0A234700219872 /* AFNetworkActivityIndicatorManager.m */ = {isa = PBXFileReference; fileEncoding = 4; lastKnownFileType = sourcecode.c.objc; path = AFNetworkActivityIndicatorManager.m; sourceTree = "<group>"; };
		8CA2BDBA1A0A234700219872 /* UIActivityIndicatorView+AFNetworking.h */ = {isa = PBXFileReference; fileEncoding = 4; lastKnownFileType = sourcecode.c.h; path = "UIActivityIndicatorView+AFNetworking.h"; sourceTree = "<group>"; };
		8CA2BDBB1A0A234700219872 /* UIActivityIndicatorView+AFNetworking.m */ = {isa = PBXFileReference; fileEncoding = 4; lastKnownFileType = sourcecode.c.objc; path = "UIActivityIndicatorView+AFNetworking.m"; sourceTree = "<group>"; };
		8CA2BDBC1A0A234700219872 /* UIAlertView+AFNetworking.h */ = {isa = PBXFileReference; fileEncoding = 4; lastKnownFileType = sourcecode.c.h; path = "UIAlertView+AFNetworking.h"; sourceTree = "<group>"; };
		8CA2BDBD1A0A234700219872 /* UIAlertView+AFNetworking.m */ = {isa = PBXFileReference; fileEncoding = 4; lastKnownFileType = sourcecode.c.objc; path = "UIAlertView+AFNetworking.m"; sourceTree = "<group>"; };
		8CA2BDBE1A0A234700219872 /* UIButton+AFNetworking.h */ = {isa = PBXFileReference; fileEncoding = 4; lastKnownFileType = sourcecode.c.h; path = "UIButton+AFNetworking.h"; sourceTree = "<group>"; };
		8CA2BDBF1A0A234700219872 /* UIButton+AFNetworking.m */ = {isa = PBXFileReference; fileEncoding = 4; lastKnownFileType = sourcecode.c.objc; path = "UIButton+AFNetworking.m"; sourceTree = "<group>"; };
		8CA2BDC01A0A234700219872 /* UIImageView+AFNetworking.h */ = {isa = PBXFileReference; fileEncoding = 4; lastKnownFileType = sourcecode.c.h; path = "UIImageView+AFNetworking.h"; sourceTree = "<group>"; };
		8CA2BDC11A0A234700219872 /* UIImageView+AFNetworking.m */ = {isa = PBXFileReference; fileEncoding = 4; lastKnownFileType = sourcecode.c.objc; path = "UIImageView+AFNetworking.m"; sourceTree = "<group>"; };
		8CA2BDC21A0A234700219872 /* UIKit+AFNetworking.h */ = {isa = PBXFileReference; fileEncoding = 4; lastKnownFileType = sourcecode.c.h; path = "UIKit+AFNetworking.h"; sourceTree = "<group>"; };
		8CA2BDC31A0A234700219872 /* UIProgressView+AFNetworking.h */ = {isa = PBXFileReference; fileEncoding = 4; lastKnownFileType = sourcecode.c.h; path = "UIProgressView+AFNetworking.h"; sourceTree = "<group>"; };
		8CA2BDC41A0A234700219872 /* UIProgressView+AFNetworking.m */ = {isa = PBXFileReference; fileEncoding = 4; lastKnownFileType = sourcecode.c.objc; path = "UIProgressView+AFNetworking.m"; sourceTree = "<group>"; };
		8CA2BDC51A0A234700219872 /* UIWebView+AFNetworking.h */ = {isa = PBXFileReference; fileEncoding = 4; lastKnownFileType = sourcecode.c.h; path = "UIWebView+AFNetworking.h"; sourceTree = "<group>"; };
		8CA2BDC61A0A234700219872 /* UIWebView+AFNetworking.m */ = {isa = PBXFileReference; fileEncoding = 4; lastKnownFileType = sourcecode.c.objc; path = "UIWebView+AFNetworking.m"; sourceTree = "<group>"; };
		8CA2BDD71A0A296500219872 /* MyConnectionOperation.h */ = {isa = PBXFileReference; fileEncoding = 4; lastKnownFileType = sourcecode.c.h; path = MyConnectionOperation.h; sourceTree = "<group>"; };
		8CA2BDD81A0A296500219872 /* MyConnectionOperation.m */ = {isa = PBXFileReference; fileEncoding = 4; lastKnownFileType = sourcecode.c.objc; path = MyConnectionOperation.m; sourceTree = "<group>"; };
		8CEF7BDE1A4405C100F894C3 /* PhotosBroswerController.h */ = {isa = PBXFileReference; fileEncoding = 4; lastKnownFileType = sourcecode.c.h; path = PhotosBroswerController.h; sourceTree = "<group>"; };
		8CEF7BDF1A4405C100F894C3 /* PhotosBroswerController.m */ = {isa = PBXFileReference; fileEncoding = 4; lastKnownFileType = sourcecode.c.objc; path = PhotosBroswerController.m; sourceTree = "<group>"; };
		8CEF7BE01A4405C100F894C3 /* ZoomViewController.h */ = {isa = PBXFileReference; fileEncoding = 4; lastKnownFileType = sourcecode.c.h; path = ZoomViewController.h; sourceTree = "<group>"; };
		8CEF7BE11A4405C100F894C3 /* ZoomViewController.m */ = {isa = PBXFileReference; fileEncoding = 4; lastKnownFileType = sourcecode.c.objc; path = ZoomViewController.m; sourceTree = "<group>"; };
		8CEF7BE31A4405C100F894C3 /* PhotoItem.h */ = {isa = PBXFileReference; fileEncoding = 4; lastKnownFileType = sourcecode.c.h; path = PhotoItem.h; sourceTree = "<group>"; };
		8CEF7BE41A4405C100F894C3 /* PhotoItem.m */ = {isa = PBXFileReference; fileEncoding = 4; lastKnownFileType = sourcecode.c.objc; path = PhotoItem.m; sourceTree = "<group>"; };
		8CEF7BE61A4405C100F894C3 /* BrowserToolbar.h */ = {isa = PBXFileReference; fileEncoding = 4; lastKnownFileType = sourcecode.c.h; path = BrowserToolbar.h; sourceTree = "<group>"; };
		8CEF7BE71A4405C100F894C3 /* BrowserToolbar.m */ = {isa = PBXFileReference; fileEncoding = 4; lastKnownFileType = sourcecode.c.objc; path = BrowserToolbar.m; sourceTree = "<group>"; };
		8CEF7BED1A4406BD00F894C3 /* AppDelegate.h */ = {isa = PBXFileReference; fileEncoding = 4; lastKnownFileType = sourcecode.c.h; path = AppDelegate.h; sourceTree = "<group>"; };
		8CEF7BEE1A4406BD00F894C3 /* AppDelegate.m */ = {isa = PBXFileReference; fileEncoding = 4; lastKnownFileType = sourcecode.c.objc; path = AppDelegate.m; sourceTree = "<group>"; };
		8CEF7BF31A4406BD00F894C3 /* ViewController.h */ = {isa = PBXFileReference; fileEncoding = 4; lastKnownFileType = sourcecode.c.h; path = ViewController.h; sourceTree = "<group>"; };
		8CEF7BF41A4406BD00F894C3 /* ViewController.m */ = {isa = PBXFileReference; fileEncoding = 4; lastKnownFileType = sourcecode.c.objc; path = ViewController.m; sourceTree = "<group>"; };
		8CEF7BF81A4406BD00F894C3 /* 0.png */ = {isa = PBXFileReference; lastKnownFileType = image.png; path = 0.png; sourceTree = "<group>"; };
		8CEF7BF91A4406BD00F894C3 /* 1.png */ = {isa = PBXFileReference; lastKnownFileType = image.png; path = 1.png; sourceTree = "<group>"; };
		8CEF7BFA1A4406BD00F894C3 /* 2.PNG */ = {isa = PBXFileReference; lastKnownFileType = image.png; path = 2.PNG; sourceTree = "<group>"; };
		8CEF7BFB1A4406BD00F894C3 /* 3.PNG */ = {isa = PBXFileReference; lastKnownFileType = image.png; path = 3.PNG; sourceTree = "<group>"; };
		8CEF7C031A44078300F894C3 /* BaseCell.h */ = {isa = PBXFileReference; fileEncoding = 4; lastKnownFileType = sourcecode.c.h; path = BaseCell.h; sourceTree = "<group>"; };
		8CEF7C041A44078300F894C3 /* BaseCell.m */ = {isa = PBXFileReference; fileEncoding = 4; lastKnownFileType = sourcecode.c.objc; path = BaseCell.m; sourceTree = "<group>"; };
/* End PBXFileReference section */

/* Begin PBXFrameworksBuildPhase section */
		8CA2BD5E1A09CEDA00219872 /* Frameworks */ = {
			isa = PBXFrameworksBuildPhase;
			buildActionMask = 2147483647;
			files = (
			);
			runOnlyForDeploymentPostprocessing = 0;
		};
		8CA2BD771A09CEDA00219872 /* Frameworks */ = {
			isa = PBXFrameworksBuildPhase;
			buildActionMask = 2147483647;
			files = (
			);
			runOnlyForDeploymentPostprocessing = 0;
		};
/* End PBXFrameworksBuildPhase section */

/* Begin PBXGroup section */
		8CA2BD581A09CEDA00219872 = {
			isa = PBXGroup;
			children = (
				8CA2BD631A09CEDA00219872 /* imageZoom */,
				8CA2BD7D1A09CEDA00219872 /* imageZoomTests */,
				8CA2BD621A09CEDA00219872 /* Products */,
			);
			sourceTree = "<group>";
		};
		8CA2BD621A09CEDA00219872 /* Products */ = {
			isa = PBXGroup;
			children = (
				8CA2BD611A09CEDA00219872 /* PhotoBrowser.app */,
				8CA2BD7A1A09CEDA00219872 /* PhotoBrowserTests.xctest */,
			);
			name = Products;
			sourceTree = "<group>";
		};
		8CA2BD631A09CEDA00219872 /* imageZoom */ = {
			isa = PBXGroup;
			children = (
				8CEF7BEC1A4406BD00F894C3 /* App */,
				8CEF7BEF1A4406BD00F894C3 /* Class */,
				8CEF7BF71A4406BD00F894C3 /* Image */,
				8CD8E4B51A44008D002E85C2 /* PhotoBrowser */,
				8CA2BDA21A0A234700219872 /* AFNetworking */,
				8CA2BDD71A0A296500219872 /* MyConnectionOperation.h */,
				8CA2BDD81A0A296500219872 /* MyConnectionOperation.m */,
				8CA2BD6E1A09CEDA00219872 /* Main.storyboard */,
				8CA2BD711A09CEDA00219872 /* Images.xcassets */,
				8CA2BD731A09CEDA00219872 /* LaunchScreen.xib */,
				8CA2BD641A09CEDA00219872 /* Supporting Files */,
			);
			path = imageZoom;
			sourceTree = "<group>";
		};
		8CA2BD641A09CEDA00219872 /* Supporting Files */ = {
			isa = PBXGroup;
			children = (
				8CA2BD651A09CEDA00219872 /* Info.plist */,
				8CA2BD661A09CEDA00219872 /* main.m */,
			);
			name = "Supporting Files";
			sourceTree = "<group>";
		};
		8CA2BD7D1A09CEDA00219872 /* imageZoomTests */ = {
			isa = PBXGroup;
			children = (
				8CA2BD801A09CEDA00219872 /* imageZoomTests.m */,
				8CA2BD7E1A09CEDA00219872 /* Supporting Files */,
			);
			path = imageZoomTests;
			sourceTree = "<group>";
		};
		8CA2BD7E1A09CEDA00219872 /* Supporting Files */ = {
			isa = PBXGroup;
			children = (
				8CA2BD7F1A09CEDA00219872 /* Info.plist */,
			);
			name = "Supporting Files";
			sourceTree = "<group>";
		};
		8CA2BDA21A0A234700219872 /* AFNetworking */ = {
			isa = PBXGroup;
			children = (
				8CA2BDA31A0A234700219872 /* AFNetworking */,
				8CA2BDB71A0A234700219872 /* UIKit+AFNetworking */,
			);
			path = AFNetworking;
			sourceTree = "<group>";
		};
		8CA2BDA31A0A234700219872 /* AFNetworking */ = {
			isa = PBXGroup;
			children = (
				8CA2BDA41A0A234700219872 /* AFHTTPRequestOperation.h */,
				8CA2BDA51A0A234700219872 /* AFHTTPRequestOperation.m */,
				8CA2BDA61A0A234700219872 /* AFHTTPRequestOperationManager.h */,
				8CA2BDA71A0A234700219872 /* AFHTTPRequestOperationManager.m */,
				8CA2BDA81A0A234700219872 /* AFHTTPSessionManager.h */,
				8CA2BDA91A0A234700219872 /* AFHTTPSessionManager.m */,
				8CA2BDAA1A0A234700219872 /* AFNetworking.h */,
				8CA2BDAB1A0A234700219872 /* AFNetworkReachabilityManager.h */,
				8CA2BDAC1A0A234700219872 /* AFNetworkReachabilityManager.m */,
				8CA2BDAD1A0A234700219872 /* AFSecurityPolicy.h */,
				8CA2BDAE1A0A234700219872 /* AFSecurityPolicy.m */,
				8CA2BDAF1A0A234700219872 /* AFURLConnectionOperation.h */,
				8CA2BDB01A0A234700219872 /* AFURLConnectionOperation.m */,
				8CA2BDB11A0A234700219872 /* AFURLRequestSerialization.h */,
				8CA2BDB21A0A234700219872 /* AFURLRequestSerialization.m */,
				8CA2BDB31A0A234700219872 /* AFURLResponseSerialization.h */,
				8CA2BDB41A0A234700219872 /* AFURLResponseSerialization.m */,
				8CA2BDB51A0A234700219872 /* AFURLSessionManager.h */,
				8CA2BDB61A0A234700219872 /* AFURLSessionManager.m */,
			);
			path = AFNetworking;
			sourceTree = "<group>";
		};
		8CA2BDB71A0A234700219872 /* UIKit+AFNetworking */ = {
			isa = PBXGroup;
			children = (
				8CA2BDB81A0A234700219872 /* AFNetworkActivityIndicatorManager.h */,
				8CA2BDB91A0A234700219872 /* AFNetworkActivityIndicatorManager.m */,
				8CA2BDBA1A0A234700219872 /* UIActivityIndicatorView+AFNetworking.h */,
				8CA2BDBB1A0A234700219872 /* UIActivityIndicatorView+AFNetworking.m */,
				8CA2BDBC1A0A234700219872 /* UIAlertView+AFNetworking.h */,
				8CA2BDBD1A0A234700219872 /* UIAlertView+AFNetworking.m */,
				8CA2BDBE1A0A234700219872 /* UIButton+AFNetworking.h */,
				8CA2BDBF1A0A234700219872 /* UIButton+AFNetworking.m */,
				8CA2BDC01A0A234700219872 /* UIImageView+AFNetworking.h */,
				8CA2BDC11A0A234700219872 /* UIImageView+AFNetworking.m */,
				8CA2BDC21A0A234700219872 /* UIKit+AFNetworking.h */,
				8CA2BDC31A0A234700219872 /* UIProgressView+AFNetworking.h */,
				8CA2BDC41A0A234700219872 /* UIProgressView+AFNetworking.m */,
				8CA2BDC51A0A234700219872 /* UIWebView+AFNetworking.h */,
				8CA2BDC61A0A234700219872 /* UIWebView+AFNetworking.m */,
			);
			path = "UIKit+AFNetworking";
			sourceTree = "<group>";
		};
		8CD8E4B51A44008D002E85C2 /* PhotoBrowser */ = {
			isa = PBXGroup;
			children = (
				8CEF7BDD1A4405C100F894C3 /* Controllers */,
				8CEF7BE21A4405C100F894C3 /* Model */,
				8CEF7BE51A4405C100F894C3 /* Views */,
			);
			path = PhotoBrowser;
			sourceTree = "<group>";
		};
		8CEF7BDD1A4405C100F894C3 /* Controllers */ = {
			isa = PBXGroup;
			children = (
				8CEF7BDE1A4405C100F894C3 /* PhotosBroswerController.h */,
				8CEF7BDF1A4405C100F894C3 /* PhotosBroswerController.m */,
				8CEF7BE01A4405C100F894C3 /* ZoomViewController.h */,
				8CEF7BE11A4405C100F894C3 /* ZoomViewController.m */,
			);
			path = Controllers;
			sourceTree = "<group>";
		};
		8CEF7BE21A4405C100F894C3 /* Model */ = {
			isa = PBXGroup;
			children = (
				8CEF7BE31A4405C100F894C3 /* PhotoItem.h */,
				8CEF7BE41A4405C100F894C3 /* PhotoItem.m */,
			);
			path = Model;
			sourceTree = "<group>";
		};
		8CEF7BE51A4405C100F894C3 /* Views */ = {
			isa = PBXGroup;
			children = (
				8CEF7BE61A4405C100F894C3 /* BrowserToolbar.h */,
				8CEF7BE71A4405C100F894C3 /* BrowserToolbar.m */,
			);
			path = Views;
			sourceTree = "<group>";
		};
		8CEF7BEC1A4406BD00F894C3 /* App */ = {
			isa = PBXGroup;
			children = (
				8CEF7BED1A4406BD00F894C3 /* AppDelegate.h */,
				8CEF7BEE1A4406BD00F894C3 /* AppDelegate.m */,
			);
			path = App;
			sourceTree = "<group>";
		};
		8CEF7BEF1A4406BD00F894C3 /* Class */ = {
			isa = PBXGroup;
			children = (
				8CEF7BF21A4406BD00F894C3 /* Controllers */,
				8CEF7BF51A4406BD00F894C3 /* Models */,
				8CEF7BF61A4406BD00F894C3 /* Views */,
			);
			path = Class;
			sourceTree = "<group>";
		};
		8CEF7BF21A4406BD00F894C3 /* Controllers */ = {
			isa = PBXGroup;
			children = (
				8CEF7BF31A4406BD00F894C3 /* ViewController.h */,
				8CEF7BF41A4406BD00F894C3 /* ViewController.m */,
			);
			path = Controllers;
			sourceTree = "<group>";
		};
		8CEF7BF51A4406BD00F894C3 /* Models */ = {
			isa = PBXGroup;
			children = (
			);
			path = Models;
			sourceTree = "<group>";
		};
		8CEF7BF61A4406BD00F894C3 /* Views */ = {
			isa = PBXGroup;
			children = (
				8CEF7C031A44078300F894C3 /* BaseCell.h */,
				8CEF7C041A44078300F894C3 /* BaseCell.m */,
			);
			path = Views;
			sourceTree = "<group>";
		};
		8CEF7BF71A4406BD00F894C3 /* Image */ = {
			isa = PBXGroup;
			children = (
				8CEF7BF81A4406BD00F894C3 /* 0.png */,
				8CEF7BF91A4406BD00F894C3 /* 1.png */,
				8CEF7BFA1A4406BD00F894C3 /* 2.PNG */,
				8CEF7BFB1A4406BD00F894C3 /* 3.PNG */,
			);
			path = Image;
			sourceTree = "<group>";
		};
/* End PBXGroup section */

/* Begin PBXNativeTarget section */
		8CA2BD601A09CEDA00219872 /* PhotoBrowser */ = {
			isa = PBXNativeTarget;
			buildConfigurationList = 8CA2BD841A09CEDA00219872 /* Build configuration list for PBXNativeTarget "PhotoBrowser" */;
			buildPhases = (
				8CA2BD5D1A09CEDA00219872 /* Sources */,
				8CA2BD5E1A09CEDA00219872 /* Frameworks */,
				8CA2BD5F1A09CEDA00219872 /* Resources */,
			);
			buildRules = (
			);
			dependencies = (
			);
			name = PhotoBrowser;
			productName = imageZoom;
			productReference = 8CA2BD611A09CEDA00219872 /* PhotoBrowser.app */;
			productType = "com.apple.product-type.application";
		};
		8CA2BD791A09CEDA00219872 /* PhotoBrowserTests */ = {
			isa = PBXNativeTarget;
			buildConfigurationList = 8CA2BD871A09CEDA00219872 /* Build configuration list for PBXNativeTarget "PhotoBrowserTests" */;
			buildPhases = (
				8CA2BD761A09CEDA00219872 /* Sources */,
				8CA2BD771A09CEDA00219872 /* Frameworks */,
				8CA2BD781A09CEDA00219872 /* Resources */,
			);
			buildRules = (
			);
			dependencies = (
				8CA2BD7C1A09CEDA00219872 /* PBXTargetDependency */,
			);
			name = PhotoBrowserTests;
			productName = imageZoomTests;
			productReference = 8CA2BD7A1A09CEDA00219872 /* PhotoBrowserTests.xctest */;
			productType = "com.apple.product-type.bundle.unit-test";
		};
/* End PBXNativeTarget section */

/* Begin PBXProject section */
		8CA2BD591A09CEDA00219872 /* Project object */ = {
			isa = PBXProject;
			attributes = {
				LastUpgradeCheck = 0600;
				ORGANIZATIONNAME = "孙国志";
				TargetAttributes = {
					8CA2BD601A09CEDA00219872 = {
						CreatedOnToolsVersion = 6.0.1;
					};
					8CA2BD791A09CEDA00219872 = {
						CreatedOnToolsVersion = 6.0.1;
						TestTargetID = 8CA2BD601A09CEDA00219872;
					};
				};
			};
			buildConfigurationList = 8CA2BD5C1A09CEDA00219872 /* Build configuration list for PBXProject "PhotoBrowser" */;
			compatibilityVersion = "Xcode 3.2";
			developmentRegion = English;
			hasScannedForEncodings = 0;
			knownRegions = (
				en,
				Base,
			);
			mainGroup = 8CA2BD581A09CEDA00219872;
			productRefGroup = 8CA2BD621A09CEDA00219872 /* Products */;
			projectDirPath = "";
			projectRoot = "";
			targets = (
				8CA2BD601A09CEDA00219872 /* PhotoBrowser */,
				8CA2BD791A09CEDA00219872 /* PhotoBrowserTests */,
			);
		};
/* End PBXProject section */

/* Begin PBXResourcesBuildPhase section */
		8CA2BD5F1A09CEDA00219872 /* Resources */ = {
			isa = PBXResourcesBuildPhase;
			buildActionMask = 2147483647;
			files = (
				8CEF7C011A4406BD00F894C3 /* 2.PNG in Resources */,
				8CEF7C021A4406BD00F894C3 /* 3.PNG in Resources */,
				8CEF7BFF1A4406BD00F894C3 /* 0.png in Resources */,
				8CA2BD701A09CEDA00219872 /* Main.storyboard in Resources */,
				8CA2BD751A09CEDA00219872 /* LaunchScreen.xib in Resources */,
				8CA2BD721A09CEDA00219872 /* Images.xcassets in Resources */,
				8CEF7C001A4406BD00F894C3 /* 1.png in Resources */,
			);
			runOnlyForDeploymentPostprocessing = 0;
		};
		8CA2BD781A09CEDA00219872 /* Resources */ = {
			isa = PBXResourcesBuildPhase;
			buildActionMask = 2147483647;
			files = (
			);
			runOnlyForDeploymentPostprocessing = 0;
		};
/* End PBXResourcesBuildPhase section */

/* Begin PBXSourcesBuildPhase section */
		8CA2BD5D1A09CEDA00219872 /* Sources */ = {
			isa = PBXSourcesBuildPhase;
			buildActionMask = 2147483647;
			files = (
				8CEF7BFC1A4406BD00F894C3 /* AppDelegate.m in Sources */,
				8CA2BDCC1A0A234700219872 /* AFURLConnectionOperation.m in Sources */,
				8CEF7BE81A4405C100F894C3 /* PhotosBroswerController.m in Sources */,
				8CA2BDD51A0A234700219872 /* UIProgressView+AFNetworking.m in Sources */,
				8CEF7BE91A4405C100F894C3 /* ZoomViewController.m in Sources */,
				8CA2BDD21A0A234700219872 /* UIAlertView+AFNetworking.m in Sources */,
				8CA2BDCE1A0A234700219872 /* AFURLResponseSerialization.m in Sources */,
				8CEF7C051A44078300F894C3 /* BaseCell.m in Sources */,
				8CA2BDD31A0A234700219872 /* UIButton+AFNetworking.m in Sources */,
				8CA2BDD11A0A234700219872 /* UIActivityIndicatorView+AFNetworking.m in Sources */,
				8CA2BDCD1A0A234700219872 /* AFURLRequestSerialization.m in Sources */,
				8CA2BDD01A0A234700219872 /* AFNetworkActivityIndicatorManager.m in Sources */,
				8CA2BDCB1A0A234700219872 /* AFSecurityPolicy.m in Sources */,
				8CA2BDC71A0A234700219872 /* AFHTTPRequestOperation.m in Sources */,
				8CEF7BEA1A4405C100F894C3 /* PhotoItem.m in Sources */,
				8CA2BDCF1A0A234700219872 /* AFURLSessionManager.m in Sources */,
				8CA2BD671A09CEDA00219872 /* main.m in Sources */,
				8CA2BDD61A0A234700219872 /* UIWebView+AFNetworking.m in Sources */,
				8CEF7BEB1A4405C100F894C3 /* BrowserToolbar.m in Sources */,
				8CA2BDD91A0A296500219872 /* MyConnectionOperation.m in Sources */,
				8CA2BDC91A0A234700219872 /* AFHTTPSessionManager.m in Sources */,
				8CA2BDCA1A0A234700219872 /* AFNetworkReachabilityManager.m in Sources */,
				8CA2BDD41A0A234700219872 /* UIImageView+AFNetworking.m in Sources */,
				8CA2BDC81A0A234700219872 /* AFHTTPRequestOperationManager.m in Sources */,
				8CEF7BFE1A4406BD00F894C3 /* ViewController.m in Sources */,
			);
			runOnlyForDeploymentPostprocessing = 0;
		};
		8CA2BD761A09CEDA00219872 /* Sources */ = {
			isa = PBXSourcesBuildPhase;
			buildActionMask = 2147483647;
			files = (
				8CA2BD811A09CEDA00219872 /* imageZoomTests.m in Sources */,
			);
			runOnlyForDeploymentPostprocessing = 0;
		};
/* End PBXSourcesBuildPhase section */

/* Begin PBXTargetDependency section */
		8CA2BD7C1A09CEDA00219872 /* PBXTargetDependency */ = {
			isa = PBXTargetDependency;
			target = 8CA2BD601A09CEDA00219872 /* PhotoBrowser */;
			targetProxy = 8CA2BD7B1A09CEDA00219872 /* PBXContainerItemProxy */;
		};
/* End PBXTargetDependency section */

/* Begin PBXVariantGroup section */
		8CA2BD6E1A09CEDA00219872 /* Main.storyboard */ = {
			isa = PBXVariantGroup;
			children = (
				8CA2BD6F1A09CEDA00219872 /* Base */,
			);
			name = Main.storyboard;
			sourceTree = "<group>";
		};
		8CA2BD731A09CEDA00219872 /* LaunchScreen.xib */ = {
			isa = PBXVariantGroup;
			children = (
				8CA2BD741A09CEDA00219872 /* Base */,
			);
			name = LaunchScreen.xib;
			sourceTree = "<group>";
		};
/* End PBXVariantGroup section */

/* Begin XCBuildConfiguration section */
		8CA2BD821A09CEDA00219872 /* Debug */ = {
			isa = XCBuildConfiguration;
			buildSettings = {
				ALWAYS_SEARCH_USER_PATHS = NO;
				CLANG_CXX_LANGUAGE_STANDARD = "gnu++0x";
				CLANG_CXX_LIBRARY = "libc++";
				CLANG_ENABLE_MODULES = YES;
				CLANG_ENABLE_OBJC_ARC = YES;
				CLANG_WARN_BOOL_CONVERSION = YES;
				CLANG_WARN_CONSTANT_CONVERSION = YES;
				CLANG_WARN_DIRECT_OBJC_ISA_USAGE = YES_ERROR;
				CLANG_WARN_EMPTY_BODY = YES;
				CLANG_WARN_ENUM_CONVERSION = YES;
				CLANG_WARN_INT_CONVERSION = YES;
				CLANG_WARN_OBJC_ROOT_CLASS = YES_ERROR;
				CLANG_WARN_UNREACHABLE_CODE = YES;
				CLANG_WARN__DUPLICATE_METHOD_MATCH = YES;
				"CODE_SIGN_IDENTITY[sdk=iphoneos*]" = "iPhone Developer";
				COPY_PHASE_STRIP = NO;
				ENABLE_STRICT_OBJC_MSGSEND = YES;
				GCC_C_LANGUAGE_STANDARD = gnu99;
				GCC_DYNAMIC_NO_PIC = NO;
				GCC_OPTIMIZATION_LEVEL = 0;
				GCC_PREPROCESSOR_DEFINITIONS = (
					"DEBUG=1",
					"$(inherited)",
				);
				GCC_SYMBOLS_PRIVATE_EXTERN = NO;
				GCC_WARN_64_TO_32_BIT_CONVERSION = YES;
				GCC_WARN_ABOUT_RETURN_TYPE = YES_ERROR;
				GCC_WARN_UNDECLARED_SELECTOR = YES;
				GCC_WARN_UNINITIALIZED_AUTOS = YES_AGGRESSIVE;
				GCC_WARN_UNUSED_FUNCTION = YES;
				GCC_WARN_UNUSED_VARIABLE = YES;
				IPHONEOS_DEPLOYMENT_TARGET = 8.0;
				MTL_ENABLE_DEBUG_INFO = YES;
				ONLY_ACTIVE_ARCH = YES;
				SDKROOT = iphoneos;
			};
			name = Debug;
		};
		8CA2BD831A09CEDA00219872 /* Release */ = {
			isa = XCBuildConfiguration;
			buildSettings = {
				ALWAYS_SEARCH_USER_PATHS = NO;
				CLANG_CXX_LANGUAGE_STANDARD = "gnu++0x";
				CLANG_CXX_LIBRARY = "libc++";
				CLANG_ENABLE_MODULES = YES;
				CLANG_ENABLE_OBJC_ARC = YES;
				CLANG_WARN_BOOL_CONVERSION = YES;
				CLANG_WARN_CONSTANT_CONVERSION = YES;
				CLANG_WARN_DIRECT_OBJC_ISA_USAGE = YES_ERROR;
				CLANG_WARN_EMPTY_BODY = YES;
				CLANG_WARN_ENUM_CONVERSION = YES;
				CLANG_WARN_INT_CONVERSION = YES;
				CLANG_WARN_OBJC_ROOT_CLASS = YES_ERROR;
				CLANG_WARN_UNREACHABLE_CODE = YES;
				CLANG_WARN__DUPLICATE_METHOD_MATCH = YES;
				"CODE_SIGN_IDENTITY[sdk=iphoneos*]" = "iPhone Developer";
				COPY_PHASE_STRIP = YES;
				ENABLE_NS_ASSERTIONS = NO;
				ENABLE_STRICT_OBJC_MSGSEND = YES;
				GCC_C_LANGUAGE_STANDARD = gnu99;
				GCC_WARN_64_TO_32_BIT_CONVERSION = YES;
				GCC_WARN_ABOUT_RETURN_TYPE = YES_ERROR;
				GCC_WARN_UNDECLARED_SELECTOR = YES;
				GCC_WARN_UNINITIALIZED_AUTOS = YES_AGGRESSIVE;
				GCC_WARN_UNUSED_FUNCTION = YES;
				GCC_WARN_UNUSED_VARIABLE = YES;
				IPHONEOS_DEPLOYMENT_TARGET = 8.0;
				MTL_ENABLE_DEBUG_INFO = NO;
				SDKROOT = iphoneos;
				VALIDATE_PRODUCT = YES;
			};
			name = Release;
		};
		8CA2BD851A09CEDA00219872 /* Debug */ = {
			isa = XCBuildConfiguration;
			buildSettings = {
				ASSETCATALOG_COMPILER_APPICON_NAME = AppIcon;
				INFOPLIST_FILE = imageZoom/Info.plist;
				LD_RUNPATH_SEARCH_PATHS = "$(inherited) @executable_path/Frameworks";
				PRODUCT_NAME = PhotoBrowser;
			};
			name = Debug;
		};
		8CA2BD861A09CEDA00219872 /* Release */ = {
			isa = XCBuildConfiguration;
			buildSettings = {
				ASSETCATALOG_COMPILER_APPICON_NAME = AppIcon;
				INFOPLIST_FILE = imageZoom/Info.plist;
				LD_RUNPATH_SEARCH_PATHS = "$(inherited) @executable_path/Frameworks";
				PRODUCT_NAME = PhotoBrowser;
			};
			name = Release;
		};
		8CA2BD881A09CEDA00219872 /* Debug */ = {
			isa = XCBuildConfiguration;
			buildSettings = {
				BUNDLE_LOADER = "$(TEST_HOST)";
				FRAMEWORK_SEARCH_PATHS = (
					"$(SDKROOT)/Developer/Library/Frameworks",
					"$(inherited)",
				);
				GCC_PREPROCESSOR_DEFINITIONS = (
					"DEBUG=1",
					"$(inherited)",
				);
				INFOPLIST_FILE = imageZoomTests/Info.plist;
				LD_RUNPATH_SEARCH_PATHS = "$(inherited) @executable_path/Frameworks @loader_path/Frameworks";
				PRODUCT_NAME = PhotoBrowserTests;
				TEST_HOST = "$(BUILT_PRODUCTS_DIR)/imageZoom.app/imageZoom";
			};
			name = Debug;
		};
		8CA2BD891A09CEDA00219872 /* Release */ = {
			isa = XCBuildConfiguration;
			buildSettings = {
				BUNDLE_LOADER = "$(TEST_HOST)";
				FRAMEWORK_SEARCH_PATHS = (
					"$(SDKROOT)/Developer/Library/Frameworks",
					"$(inherited)",
				);
				INFOPLIST_FILE = imageZoomTests/Info.plist;
				LD_RUNPATH_SEARCH_PATHS = "$(inherited) @executable_path/Frameworks @loader_path/Frameworks";
				PRODUCT_NAME = PhotoBrowserTests;
				TEST_HOST = "$(BUILT_PRODUCTS_DIR)/imageZoom.app/imageZoom";
			};
			name = Release;
		};
/* End XCBuildConfiguration section */

/* Begin XCConfigurationList section */
		8CA2BD5C1A09CEDA00219872 /* Build configuration list for PBXProject "PhotoBrowser" */ = {
			isa = XCConfigurationList;
			buildConfigurations = (
				8CA2BD821A09CEDA00219872 /* Debug */,
				8CA2BD831A09CEDA00219872 /* Release */,
			);
			defaultConfigurationIsVisible = 0;
			defaultConfigurationName = Release;
		};
		8CA2BD841A09CEDA00219872 /* Build configuration list for PBXNativeTarget "PhotoBrowser" */ = {
			isa = XCConfigurationList;
			buildConfigurations = (
				8CA2BD851A09CEDA00219872 /* Debug */,
				8CA2BD861A09CEDA00219872 /* Release */,
			);
			defaultConfigurationIsVisible = 0;
			defaultConfigurationName = Release;
		};
		8CA2BD871A09CEDA00219872 /* Build configuration list for PBXNativeTarget "PhotoBrowserTests" */ = {
			isa = XCConfigurationList;
			buildConfigurations = (
				8CA2BD881A09CEDA00219872 /* Debug */,
				8CA2BD891A09CEDA00219872 /* Release */,
			);
			defaultConfigurationIsVisible = 0;
			defaultConfigurationName = Release;
		};
/* End XCConfigurationList section */
	};
	rootObject = 8CA2BD591A09CEDA00219872 /* Project object */;
}
